// !$*UTF8*$!
{
	archiveVersion = 1;
	classes = {
	};
	objectVersion = 55;
	objects = {

/* Begin PBXBuildFile section */
		29094CD4287D6194003866B5 /* GeneratePasswordVC.swift in Sources */ = {isa = PBXBuildFile; fileRef = 29094CD3287D6194003866B5 /* GeneratePasswordVC.swift */; };
		29094CD6287D638C003866B5 /* temp.storyboard in Resources */ = {isa = PBXBuildFile; fileRef = 29094CD5287D638C003866B5 /* temp.storyboard */; };
		29390B43287AEC3900D78BDE /* PasswordManager.swift in Sources */ = {isa = PBXBuildFile; fileRef = 29390B42287AEC3900D78BDE /* PasswordManager.swift */; };
		29390B45287BC96B00D78BDE /* EditVC.swift in Sources */ = {isa = PBXBuildFile; fileRef = 29390B44287BC96B00D78BDE /* EditVC.swift */; };
		29390B49287D58E600D78BDE /* GeneratePasswordView.swift in Sources */ = {isa = PBXBuildFile; fileRef = 29390B48287D58E500D78BDE /* GeneratePasswordView.swift */; };
		29C368052875B31700FBD420 /* AppDelegate.swift in Sources */ = {isa = PBXBuildFile; fileRef = 29C368042875B31700FBD420 /* AppDelegate.swift */; };
		29C368072875B31700FBD420 /* SceneDelegate.swift in Sources */ = {isa = PBXBuildFile; fileRef = 29C368062875B31700FBD420 /* SceneDelegate.swift */; };
		29C368092875B31700FBD420 /* LoginVC.swift in Sources */ = {isa = PBXBuildFile; fileRef = 29C368082875B31700FBD420 /* LoginVC.swift */; };
		29C3680E2875B31A00FBD420 /* Assets.xcassets in Resources */ = {isa = PBXBuildFile; fileRef = 29C3680D2875B31A00FBD420 /* Assets.xcassets */; };
		29C368112875B31A00FBD420 /* LaunchScreen.storyboard in Resources */ = {isa = PBXBuildFile; fileRef = 29C3680F2875B31A00FBD420 /* LaunchScreen.storyboard */; };
		29C3681C2875C7F000FBD420 /* IQKeyboardManagerSwift in Frameworks */ = {isa = PBXBuildFile; productRef = 29C3681B2875C7F000FBD420 /* IQKeyboardManagerSwift */; };
		29C3681E28770C6E00FBD420 /* RegisterVC.swift in Sources */ = {isa = PBXBuildFile; fileRef = 29C3681D28770C6E00FBD420 /* RegisterVC.swift */; };
		29C368202877188000FBD420 /* TabBarController.swift in Sources */ = {isa = PBXBuildFile; fileRef = 29C3681F2877188000FBD420 /* TabBarController.swift */; };
		29C36822287719AF00FBD420 /* PasswordListVC.swift in Sources */ = {isa = PBXBuildFile; fileRef = 29C36821287719AF00FBD420 /* PasswordListVC.swift */; };
		29C36824287719C600FBD420 /* MeVC.swift in Sources */ = {isa = PBXBuildFile; fileRef = 29C36823287719C600FBD420 /* MeVC.swift */; };
		29C368262877222F00FBD420 /* Models.swift in Sources */ = {isa = PBXBuildFile; fileRef = 29C368252877222F00FBD420 /* Models.swift */; };
		29C368292877F46700FBD420 /* RNCryptor in Frameworks */ = {isa = PBXBuildFile; productRef = 29C368282877F46700FBD420 /* RNCryptor */; };
		29C3682C2877F48D00FBD420 /* Alamofire in Frameworks */ = {isa = PBXBuildFile; productRef = 29C3682B2877F48D00FBD420 /* Alamofire */; };
		29C3682F2877F5B000FBD420 /* MJRefresh in Frameworks */ = {isa = PBXBuildFile; productRef = 29C3682E2877F5B000FBD420 /* MJRefresh */; };
		29C368322877F62D00FBD420 /* PKHUD in Frameworks */ = {isa = PBXBuildFile; productRef = 29C368312877F62D00FBD420 /* PKHUD */; };
		29C368342877FB0F00FBD420 /* NetworkAPI.swift in Sources */ = {isa = PBXBuildFile; fileRef = 29C368332877FB0F00FBD420 /* NetworkAPI.swift */; };
		29C368362878594300FBD420 /* UserInfoManager.swift in Sources */ = {isa = PBXBuildFile; fileRef = 29C368352878594300FBD420 /* UserInfoManager.swift */; };
		29C3683A2879A43C00FBD420 /* ChangePasswordVC.swift in Sources */ = {isa = PBXBuildFile; fileRef = 29C368392879A43C00FBD420 /* ChangePasswordVC.swift */; };
		29C3683C2879C43E00FBD420 /* Biometrics.swift in Sources */ = {isa = PBXBuildFile; fileRef = 29C3683B2879C43E00FBD420 /* Biometrics.swift */; };
/* End PBXBuildFile section */

/* Begin PBXFileReference section */
		29094CD3287D6194003866B5 /* GeneratePasswordVC.swift */ = {isa = PBXFileReference; lastKnownFileType = sourcecode.swift; path = GeneratePasswordVC.swift; sourceTree = "<group>"; };
		29094CD5287D638C003866B5 /* temp.storyboard */ = {isa = PBXFileReference; lastKnownFileType = file.storyboard; path = temp.storyboard; sourceTree = "<group>"; };
		29390B42287AEC3900D78BDE /* PasswordManager.swift */ = {isa = PBXFileReference; lastKnownFileType = sourcecode.swift; path = PasswordManager.swift; sourceTree = "<group>"; };
		29390B44287BC96B00D78BDE /* EditVC.swift */ = {isa = PBXFileReference; lastKnownFileType = sourcecode.swift; path = EditVC.swift; sourceTree = "<group>"; };
		29390B48287D58E500D78BDE /* GeneratePasswordView.swift */ = {isa = PBXFileReference; lastKnownFileType = sourcecode.swift; path = GeneratePasswordView.swift; sourceTree = "<group>"; };
		29C368012875B31700FBD420 /* OKPass.app */ = {isa = PBXFileReference; explicitFileType = wrapper.application; includeInIndex = 0; path = OKPass.app; sourceTree = BUILT_PRODUCTS_DIR; };
		29C368042875B31700FBD420 /* AppDelegate.swift */ = {isa = PBXFileReference; lastKnownFileType = sourcecode.swift; path = AppDelegate.swift; sourceTree = "<group>"; };
		29C368062875B31700FBD420 /* SceneDelegate.swift */ = {isa = PBXFileReference; lastKnownFileType = sourcecode.swift; path = SceneDelegate.swift; sourceTree = "<group>"; };
		29C368082875B31700FBD420 /* LoginVC.swift */ = {isa = PBXFileReference; lastKnownFileType = sourcecode.swift; path = LoginVC.swift; sourceTree = "<group>"; };
		29C3680D2875B31A00FBD420 /* Assets.xcassets */ = {isa = PBXFileReference; lastKnownFileType = folder.assetcatalog; path = Assets.xcassets; sourceTree = "<group>"; };
		29C368102875B31A00FBD420 /* Base */ = {isa = PBXFileReference; lastKnownFileType = file.storyboard; name = Base; path = Base.lproj/LaunchScreen.storyboard; sourceTree = "<group>"; };
		29C368122875B31A00FBD420 /* Info.plist */ = {isa = PBXFileReference; lastKnownFileType = text.plist.xml; path = Info.plist; sourceTree = "<group>"; };
		29C3681D28770C6E00FBD420 /* RegisterVC.swift */ = {isa = PBXFileReference; lastKnownFileType = sourcecode.swift; path = RegisterVC.swift; sourceTree = "<group>"; };
		29C3681F2877188000FBD420 /* TabBarController.swift */ = {isa = PBXFileReference; lastKnownFileType = sourcecode.swift; path = TabBarController.swift; sourceTree = "<group>"; };
		29C36821287719AF00FBD420 /* PasswordListVC.swift */ = {isa = PBXFileReference; lastKnownFileType = sourcecode.swift; path = PasswordListVC.swift; sourceTree = "<group>"; };
		29C36823287719C600FBD420 /* MeVC.swift */ = {isa = PBXFileReference; lastKnownFileType = sourcecode.swift; path = MeVC.swift; sourceTree = "<group>"; };
		29C368252877222F00FBD420 /* Models.swift */ = {isa = PBXFileReference; lastKnownFileType = sourcecode.swift; path = Models.swift; sourceTree = "<group>"; };
		29C368332877FB0F00FBD420 /* NetworkAPI.swift */ = {isa = PBXFileReference; lastKnownFileType = sourcecode.swift; path = NetworkAPI.swift; sourceTree = "<group>"; };
		29C368352878594300FBD420 /* UserInfoManager.swift */ = {isa = PBXFileReference; lastKnownFileType = sourcecode.swift; path = UserInfoManager.swift; sourceTree = "<group>"; };
		29C368392879A43C00FBD420 /* ChangePasswordVC.swift */ = {isa = PBXFileReference; lastKnownFileType = sourcecode.swift; path = ChangePasswordVC.swift; sourceTree = "<group>"; };
		29C3683B2879C43E00FBD420 /* Biometrics.swift */ = {isa = PBXFileReference; lastKnownFileType = sourcecode.swift; path = Biometrics.swift; sourceTree = "<group>"; };
/* End PBXFileReference section */

/* Begin PBXFrameworksBuildPhase section */
		29C367FE2875B31700FBD420 /* Frameworks */ = {
			isa = PBXFrameworksBuildPhase;
			buildActionMask = 2147483647;
			files = (
				29C3682C2877F48D00FBD420 /* Alamofire in Frameworks */,
				29C368292877F46700FBD420 /* RNCryptor in Frameworks */,
				29C3681C2875C7F000FBD420 /* IQKeyboardManagerSwift in Frameworks */,
				29C368322877F62D00FBD420 /* PKHUD in Frameworks */,
				29C3682F2877F5B000FBD420 /* MJRefresh in Frameworks */,
			);
			runOnlyForDeploymentPostprocessing = 0;
		};
/* End PBXFrameworksBuildPhase section */

/* Begin PBXGroup section */
		29C367F82875B31700FBD420 = {
			isa = PBXGroup;
			children = (
				29C368032875B31700FBD420 /* OKPass */,
				29C368022875B31700FBD420 /* Products */,
			);
			sourceTree = "<group>";
		};
		29C368022875B31700FBD420 /* Products */ = {
			isa = PBXGroup;
			children = (
				29C368012875B31700FBD420 /* OKPass.app */,
			);
			name = Products;
			sourceTree = "<group>";
		};
		29C368032875B31700FBD420 /* OKPass */ = {
			isa = PBXGroup;
			children = (
				29C368042875B31700FBD420 /* AppDelegate.swift */,
				29C368062875B31700FBD420 /* SceneDelegate.swift */,
				29C368082875B31700FBD420 /* LoginVC.swift */,
				29C3683B2879C43E00FBD420 /* Biometrics.swift */,
				29C368352878594300FBD420 /* UserInfoManager.swift */,
				29390B42287AEC3900D78BDE /* PasswordManager.swift */,
				29C368332877FB0F00FBD420 /* NetworkAPI.swift */,
				29C3681D28770C6E00FBD420 /* RegisterVC.swift */,
				29C3681F2877188000FBD420 /* TabBarController.swift */,
				29C368252877222F00FBD420 /* Models.swift */,
				29390B44287BC96B00D78BDE /* EditVC.swift */,
				29C36821287719AF00FBD420 /* PasswordListVC.swift */,
				29390B48287D58E500D78BDE /* GeneratePasswordView.swift */,
				29094CD3287D6194003866B5 /* GeneratePasswordVC.swift */,
				29C36823287719C600FBD420 /* MeVC.swift */,
				29C368392879A43C00FBD420 /* ChangePasswordVC.swift */,
				29C3680D2875B31A00FBD420 /* Assets.xcassets */,
				29C3680F2875B31A00FBD420 /* LaunchScreen.storyboard */,
				29094CD5287D638C003866B5 /* temp.storyboard */,
				29C368122875B31A00FBD420 /* Info.plist */,
			);
			path = OKPass;
			sourceTree = "<group>";
		};
/* End PBXGroup section */

/* Begin PBXNativeTarget section */
		29C368002875B31700FBD420 /* OKPass */ = {
			isa = PBXNativeTarget;
			buildConfigurationList = 29C368152875B31A00FBD420 /* Build configuration list for PBXNativeTarget "OKPass" */;
			buildPhases = (
				29C367FD2875B31700FBD420 /* Sources */,
				29C367FE2875B31700FBD420 /* Frameworks */,
				29C367FF2875B31700FBD420 /* Resources */,
			);
			buildRules = (
			);
			dependencies = (
			);
			name = OKPass;
			packageProductDependencies = (
				29C3681B2875C7F000FBD420 /* IQKeyboardManagerSwift */,
				29C368282877F46700FBD420 /* RNCryptor */,
				29C3682B2877F48D00FBD420 /* Alamofire */,
				29C3682E2877F5B000FBD420 /* MJRefresh */,
				29C368312877F62D00FBD420 /* PKHUD */,
			);
			productName = OKPass;
			productReference = 29C368012875B31700FBD420 /* OKPass.app */;
			productType = "com.apple.product-type.application";
		};
/* End PBXNativeTarget section */

/* Begin PBXProject section */
		29C367F92875B31700FBD420 /* Project object */ = {
			isa = PBXProject;
			attributes = {
				BuildIndependentTargetsInParallel = 1;
				LastSwiftUpdateCheck = 1340;
				LastUpgradeCheck = 1340;
				TargetAttributes = {
					29C368002875B31700FBD420 = {
						CreatedOnToolsVersion = 13.4.1;
					};
				};
			};
			buildConfigurationList = 29C367FC2875B31700FBD420 /* Build configuration list for PBXProject "OKPass" */;
			compatibilityVersion = "Xcode 13.0";
			developmentRegion = en;
			hasScannedForEncodings = 0;
			knownRegions = (
				en,
				Base,
			);
			mainGroup = 29C367F82875B31700FBD420;
			packageReferences = (
				29C368182875C72800FBD420 /* XCRemoteSwiftPackageReference "IQKeyboardManager" */,
				29C368192875C7D400FBD420 /* XCRemoteSwiftPackageReference "IQKeyboardManager" */,
				29C3681A2875C7F000FBD420 /* XCRemoteSwiftPackageReference "IQKeyboardManager" */,
				29C368272877F46600FBD420 /* XCRemoteSwiftPackageReference "RNCryptor" */,
				29C3682A2877F48D00FBD420 /* XCRemoteSwiftPackageReference "Alamofire" */,
				29C3682D2877F5B000FBD420 /* XCRemoteSwiftPackageReference "MJRefresh" */,
				29C368302877F62D00FBD420 /* XCRemoteSwiftPackageReference "PKHUD" */,
			);
			productRefGroup = 29C368022875B31700FBD420 /* Products */;
			projectDirPath = "";
			projectRoot = "";
			targets = (
				29C368002875B31700FBD420 /* OKPass */,
			);
		};
/* End PBXProject section */

/* Begin PBXResourcesBuildPhase section */
		29C367FF2875B31700FBD420 /* Resources */ = {
			isa = PBXResourcesBuildPhase;
			buildActionMask = 2147483647;
			files = (
				29C368112875B31A00FBD420 /* LaunchScreen.storyboard in Resources */,
				29C3680E2875B31A00FBD420 /* Assets.xcassets in Resources */,
				29094CD6287D638C003866B5 /* temp.storyboard in Resources */,
			);
			runOnlyForDeploymentPostprocessing = 0;
		};
/* End PBXResourcesBuildPhase section */

/* Begin PBXSourcesBuildPhase section */
		29C367FD2875B31700FBD420 /* Sources */ = {
			isa = PBXSourcesBuildPhase;
			buildActionMask = 2147483647;
			files = (
				29C3683C2879C43E00FBD420 /* Biometrics.swift in Sources */,
				29C368092875B31700FBD420 /* LoginVC.swift in Sources */,
				29C36822287719AF00FBD420 /* PasswordListVC.swift in Sources */,
				29C368362878594300FBD420 /* UserInfoManager.swift in Sources */,
				29C3683A2879A43C00FBD420 /* ChangePasswordVC.swift in Sources */,
				29390B43287AEC3900D78BDE /* PasswordManager.swift in Sources */,
				29390B49287D58E600D78BDE /* GeneratePasswordView.swift in Sources */,
				29390B45287BC96B00D78BDE /* EditVC.swift in Sources */,
				29C368342877FB0F00FBD420 /* NetworkAPI.swift in Sources */,
				29C3681E28770C6E00FBD420 /* RegisterVC.swift in Sources */,
				29094CD4287D6194003866B5 /* GeneratePasswordVC.swift in Sources */,
				29C368262877222F00FBD420 /* Models.swift in Sources */,
				29C36824287719C600FBD420 /* MeVC.swift in Sources */,
				29C368052875B31700FBD420 /* AppDelegate.swift in Sources */,
				29C368202877188000FBD420 /* TabBarController.swift in Sources */,
				29C368072875B31700FBD420 /* SceneDelegate.swift in Sources */,
			);
			runOnlyForDeploymentPostprocessing = 0;
		};
/* End PBXSourcesBuildPhase section */

/* Begin PBXVariantGroup section */
		29C3680F2875B31A00FBD420 /* LaunchScreen.storyboard */ = {
			isa = PBXVariantGroup;
			children = (
				29C368102875B31A00FBD420 /* Base */,
			);
			name = LaunchScreen.storyboard;
			sourceTree = "<group>";
		};
/* End PBXVariantGroup section */

/* Begin XCBuildConfiguration section */
		29C368132875B31A00FBD420 /* Debug */ = {
			isa = XCBuildConfiguration;
			buildSettings = {
				ALWAYS_SEARCH_USER_PATHS = NO;
				CLANG_ANALYZER_NONNULL = YES;
				CLANG_ANALYZER_NUMBER_OBJECT_CONVERSION = YES_AGGRESSIVE;
				CLANG_CXX_LANGUAGE_STANDARD = "gnu++17";
				CLANG_ENABLE_MODULES = YES;
				CLANG_ENABLE_OBJC_ARC = YES;
				CLANG_ENABLE_OBJC_WEAK = YES;
				CLANG_WARN_BLOCK_CAPTURE_AUTORELEASING = YES;
				CLANG_WARN_BOOL_CONVERSION = YES;
				CLANG_WARN_COMMA = YES;
				CLANG_WARN_CONSTANT_CONVERSION = YES;
				CLANG_WARN_DEPRECATED_OBJC_IMPLEMENTATIONS = YES;
				CLANG_WARN_DIRECT_OBJC_ISA_USAGE = YES_ERROR;
				CLANG_WARN_DOCUMENTATION_COMMENTS = YES;
				CLANG_WARN_EMPTY_BODY = YES;
				CLANG_WARN_ENUM_CONVERSION = YES;
				CLANG_WARN_INFINITE_RECURSION = YES;
				CLANG_WARN_INT_CONVERSION = YES;
				CLANG_WARN_NON_LITERAL_NULL_CONVERSION = YES;
				CLANG_WARN_OBJC_IMPLICIT_RETAIN_SELF = YES;
				CLANG_WARN_OBJC_LITERAL_CONVERSION = YES;
				CLANG_WARN_OBJC_ROOT_CLASS = YES_ERROR;
				CLANG_WARN_QUOTED_INCLUDE_IN_FRAMEWORK_HEADER = YES;
				CLANG_WARN_RANGE_LOOP_ANALYSIS = YES;
				CLANG_WARN_STRICT_PROTOTYPES = YES;
				CLANG_WARN_SUSPICIOUS_MOVE = YES;
				CLANG_WARN_UNGUARDED_AVAILABILITY = YES_AGGRESSIVE;
				CLANG_WARN_UNREACHABLE_CODE = YES;
				CLANG_WARN__DUPLICATE_METHOD_MATCH = YES;
				COPY_PHASE_STRIP = NO;
				DEBUG_INFORMATION_FORMAT = dwarf;
				ENABLE_STRICT_OBJC_MSGSEND = YES;
				ENABLE_TESTABILITY = YES;
				GCC_C_LANGUAGE_STANDARD = gnu11;
				GCC_DYNAMIC_NO_PIC = NO;
				GCC_NO_COMMON_BLOCKS = YES;
				GCC_OPTIMIZATION_LEVEL = 0;
				GCC_PREPROCESSOR_DEFINITIONS = (
					"DEBUG=1",
					"$(inherited)",
				);
				GCC_WARN_64_TO_32_BIT_CONVERSION = YES;
				GCC_WARN_ABOUT_RETURN_TYPE = YES_ERROR;
				GCC_WARN_UNDECLARED_SELECTOR = YES;
				GCC_WARN_UNINITIALIZED_AUTOS = YES_AGGRESSIVE;
				GCC_WARN_UNUSED_FUNCTION = YES;
				GCC_WARN_UNUSED_VARIABLE = YES;
				IPHONEOS_DEPLOYMENT_TARGET = 15.5;
				MTL_ENABLE_DEBUG_INFO = INCLUDE_SOURCE;
				MTL_FAST_MATH = YES;
				ONLY_ACTIVE_ARCH = YES;
				SDKROOT = iphoneos;
				SWIFT_ACTIVE_COMPILATION_CONDITIONS = DEBUG;
				SWIFT_OPTIMIZATION_LEVEL = "-Onone";
			};
			name = Debug;
		};
		29C368142875B31A00FBD420 /* Release */ = {
			isa = XCBuildConfiguration;
			buildSettings = {
				ALWAYS_SEARCH_USER_PATHS = NO;
				CLANG_ANALYZER_NONNULL = YES;
				CLANG_ANALYZER_NUMBER_OBJECT_CONVERSION = YES_AGGRESSIVE;
				CLANG_CXX_LANGUAGE_STANDARD = "gnu++17";
				CLANG_ENABLE_MODULES = YES;
				CLANG_ENABLE_OBJC_ARC = YES;
				CLANG_ENABLE_OBJC_WEAK = YES;
				CLANG_WARN_BLOCK_CAPTURE_AUTORELEASING = YES;
				CLANG_WARN_BOOL_CONVERSION = YES;
				CLANG_WARN_COMMA = YES;
				CLANG_WARN_CONSTANT_CONVERSION = YES;
				CLANG_WARN_DEPRECATED_OBJC_IMPLEMENTATIONS = YES;
				CLANG_WARN_DIRECT_OBJC_ISA_USAGE = YES_ERROR;
				CLANG_WARN_DOCUMENTATION_COMMENTS = YES;
				CLANG_WARN_EMPTY_BODY = YES;
				CLANG_WARN_ENUM_CONVERSION = YES;
				CLANG_WARN_INFINITE_RECURSION = YES;
				CLANG_WARN_INT_CONVERSION = YES;
				CLANG_WARN_NON_LITERAL_NULL_CONVERSION = YES;
				CLANG_WARN_OBJC_IMPLICIT_RETAIN_SELF = YES;
				CLANG_WARN_OBJC_LITERAL_CONVERSION = YES;
				CLANG_WARN_OBJC_ROOT_CLASS = YES_ERROR;
				CLANG_WARN_QUOTED_INCLUDE_IN_FRAMEWORK_HEADER = YES;
				CLANG_WARN_RANGE_LOOP_ANALYSIS = YES;
				CLANG_WARN_STRICT_PROTOTYPES = YES;
				CLANG_WARN_SUSPICIOUS_MOVE = YES;
				CLANG_WARN_UNGUARDED_AVAILABILITY = YES_AGGRESSIVE;
				CLANG_WARN_UNREACHABLE_CODE = YES;
				CLANG_WARN__DUPLICATE_METHOD_MATCH = YES;
				COPY_PHASE_STRIP = NO;
				DEBUG_INFORMATION_FORMAT = "dwarf-with-dsym";
				ENABLE_NS_ASSERTIONS = NO;
				ENABLE_STRICT_OBJC_MSGSEND = YES;
				GCC_C_LANGUAGE_STANDARD = gnu11;
				GCC_NO_COMMON_BLOCKS = YES;
				GCC_WARN_64_TO_32_BIT_CONVERSION = YES;
				GCC_WARN_ABOUT_RETURN_TYPE = YES_ERROR;
				GCC_WARN_UNDECLARED_SELECTOR = YES;
				GCC_WARN_UNINITIALIZED_AUTOS = YES_AGGRESSIVE;
				GCC_WARN_UNUSED_FUNCTION = YES;
				GCC_WARN_UNUSED_VARIABLE = YES;
				IPHONEOS_DEPLOYMENT_TARGET = 15.5;
				MTL_ENABLE_DEBUG_INFO = NO;
				MTL_FAST_MATH = YES;
				SDKROOT = iphoneos;
				SWIFT_COMPILATION_MODE = wholemodule;
				SWIFT_OPTIMIZATION_LEVEL = "-O";
				VALIDATE_PRODUCT = YES;
			};
			name = Release;
		};
		29C368162875B31A00FBD420 /* Debug */ = {
			isa = XCBuildConfiguration;
			buildSettings = {
				ASSETCATALOG_COMPILER_APPICON_NAME = AppIcon;
				ASSETCATALOG_COMPILER_GLOBAL_ACCENT_COLOR_NAME = AccentColor;
				CODE_SIGN_STYLE = Automatic;
				CURRENT_PROJECT_VERSION = 1;
				DEVELOPMENT_TEAM = B36Q24Z532;
				GENERATE_INFOPLIST_FILE = YES;
				INFOPLIST_FILE = OKPass/Info.plist;
				INFOPLIST_KEY_UIApplicationSupportsIndirectInputEvents = YES;
				INFOPLIST_KEY_UILaunchStoryboardName = LaunchScreen;
				INFOPLIST_KEY_UISupportedInterfaceOrientations = UIInterfaceOrientationPortrait;
				INFOPLIST_KEY_UISupportedInterfaceOrientations_iPad = "UIInterfaceOrientationPortrait UIInterfaceOrientationPortraitUpsideDown UIInterfaceOrientationLandscapeLeft UIInterfaceOrientationLandscapeRight";
				INFOPLIST_KEY_UISupportedInterfaceOrientations_iPhone = "UIInterfaceOrientationPortrait UIInterfaceOrientationLandscapeLeft UIInterfaceOrientationLandscapeRight";
				IPHONEOS_DEPLOYMENT_TARGET = 15.0;
				LD_RUNPATH_SEARCH_PATHS = (
					"$(inherited)",
					"@executable_path/Frameworks",
				);
				MARKETING_VERSION = 1.0;
				PRODUCT_BUNDLE_IDENTIFIER = com.czc.OKPass;
				PRODUCT_NAME = "$(TARGET_NAME)";
				SWIFT_EMIT_LOC_STRINGS = YES;
				SWIFT_VERSION = 5.0;
				TARGETED_DEVICE_FAMILY = "1,2";
			};
			name = Debug;
		};
		29C368172875B31A00FBD420 /* Release */ = {
			isa = XCBuildConfiguration;
			buildSettings = {
				ASSETCATALOG_COMPILER_APPICON_NAME = AppIcon;
				ASSETCATALOG_COMPILER_GLOBAL_ACCENT_COLOR_NAME = AccentColor;
				CODE_SIGN_STYLE = Automatic;
				CURRENT_PROJECT_VERSION = 1;
				DEVELOPMENT_TEAM = B36Q24Z532;
				GENERATE_INFOPLIST_FILE = YES;
				INFOPLIST_FILE = OKPass/Info.plist;
				INFOPLIST_KEY_UIApplicationSupportsIndirectInputEvents = YES;
				INFOPLIST_KEY_UILaunchStoryboardName = LaunchScreen;
				INFOPLIST_KEY_UISupportedInterfaceOrientations = UIInterfaceOrientationPortrait;
				INFOPLIST_KEY_UISupportedInterfaceOrientations_iPad = "UIInterfaceOrientationPortrait UIInterfaceOrientationPortraitUpsideDown UIInterfaceOrientationLandscapeLeft UIInterfaceOrientationLandscapeRight";
				INFOPLIST_KEY_UISupportedInterfaceOrientations_iPhone = "UIInterfaceOrientationPortrait UIInterfaceOrientationLandscapeLeft UIInterfaceOrientationLandscapeRight";
				IPHONEOS_DEPLOYMENT_TARGET = 15.0;
				LD_RUNPATH_SEARCH_PATHS = (
					"$(inherited)",
					"@executable_path/Frameworks",
				);
				MARKETING_VERSION = 1.0;
				PRODUCT_BUNDLE_IDENTIFIER = com.czc.OKPass;
				PRODUCT_NAME = "$(TARGET_NAME)";
				SWIFT_EMIT_LOC_STRINGS = YES;
				SWIFT_VERSION = 5.0;
				TARGETED_DEVICE_FAMILY = "1,2";
			};
			name = Release;
		};
/* End XCBuildConfiguration section */

/* Begin XCConfigurationList section */
		29C367FC2875B31700FBD420 /* Build configuration list for PBXProject "OKPass" */ = {
			isa = XCConfigurationList;
			buildConfigurations = (
				29C368132875B31A00FBD420 /* Debug */,
				29C368142875B31A00FBD420 /* Release */,
			);
			defaultConfigurationIsVisible = 0;
			defaultConfigurationName = Release;
		};
		29C368152875B31A00FBD420 /* Build configuration list for PBXNativeTarget "OKPass" */ = {
			isa = XCConfigurationList;
			buildConfigurations = (
				29C368162875B31A00FBD420 /* Debug */,
				29C368172875B31A00FBD420 /* Release */,
			);
			defaultConfigurationIsVisible = 0;
			defaultConfigurationName = Release;
		};
/* End XCConfigurationList section */

/* Begin XCRemoteSwiftPackageReference section */
		29C368182875C72800FBD420 /* XCRemoteSwiftPackageReference "IQKeyboardManager" */ = {
			isa = XCRemoteSwiftPackageReference;
			repositoryURL = "https://github.com/hackiftekhar/IQKeyboardManager.git";
			requirement = {
				kind = upToNextMajorVersion;
				minimumVersion = 2.0.0;
			};
		};
		29C368192875C7D400FBD420 /* XCRemoteSwiftPackageReference "IQKeyboardManager" */ = {
			isa = XCRemoteSwiftPackageReference;
			repositoryURL = "https://github.com/hackiftekhar/IQKeyboardManager.git";
			requirement = {
				kind = upToNextMajorVersion;
				minimumVersion = 2.0.0;
			};
		};
		29C3681A2875C7F000FBD420 /* XCRemoteSwiftPackageReference "IQKeyboardManager" */ = {
			isa = XCRemoteSwiftPackageReference;
			repositoryURL = "https://github.com/hackiftekhar/IQKeyboardManager.git";
			requirement = {
				branch = master;
				kind = branch;
			};
		};
		29C368272877F46600FBD420 /* XCRemoteSwiftPackageReference "RNCryptor" */ = {
			isa = XCRemoteSwiftPackageReference;
			repositoryURL = "https://github.com/RNCryptor/RNCryptor.git";
			requirement = {
				branch = master;
				kind = branch;
			};
		};
		29C3682A2877F48D00FBD420 /* XCRemoteSwiftPackageReference "Alamofire" */ = {
			isa = XCRemoteSwiftPackageReference;
			repositoryURL = "https://github.com/Alamofire/Alamofire.git";
			requirement = {
				branch = master;
				kind = branch;
			};
		};
		29C3682D2877F5B000FBD420 /* XCRemoteSwiftPackageReference "MJRefresh" */ = {
			isa = XCRemoteSwiftPackageReference;
			repositoryURL = "https://github.com/CoderMJLee/MJRefresh";
			requirement = {
				kind = upToNextMajorVersion;
				minimumVersion = 3.0.0;
			};
		};
		29C368302877F62D00FBD420 /* XCRemoteSwiftPackageReference "PKHUD" */ = {
			isa = XCRemoteSwiftPackageReference;
			repositoryURL = "https://github.com/pkluz/PKHUD";
			requirement = {
				kind = upToNextMajorVersion;
				minimumVersion = 5.0.0;
			};
		};
/* End XCRemoteSwiftPackageReference section */

/* Begin XCSwiftPackageProductDependency section */
		29C3681B2875C7F000FBD420 /* IQKeyboardManagerSwift */ = {
			isa = XCSwiftPackageProductDependency;
			package = 29C3681A2875C7F000FBD420 /* XCRemoteSwiftPackageReference "IQKeyboardManager" */;
			productName = IQKeyboardManagerSwift;
		};
		29C368282877F46700FBD420 /* RNCryptor */ = {
			isa = XCSwiftPackageProductDependency;
			package = 29C368272877F46600FBD420 /* XCRemoteSwiftPackageReference "RNCryptor" */;
			productName = RNCryptor;
		};
		29C3682B2877F48D00FBD420 /* Alamofire */ = {
			isa = XCSwiftPackageProductDependency;
			package = 29C3682A2877F48D00FBD420 /* XCRemoteSwiftPackageReference "Alamofire" */;
			productName = Alamofire;
		};
		29C3682E2877F5B000FBD420 /* MJRefresh */ = {
			isa = XCSwiftPackageProductDependency;
			package = 29C3682D2877F5B000FBD420 /* XCRemoteSwiftPackageReference "MJRefresh" */;
			productName = MJRefresh;
		};
		29C368312877F62D00FBD420 /* PKHUD */ = {
			isa = XCSwiftPackageProductDependency;
			package = 29C368302877F62D00FBD420 /* XCRemoteSwiftPackageReference "PKHUD" */;
			productName = PKHUD;
		};
/* End XCSwiftPackageProductDependency section */
	};
	rootObject = 29C367F92875B31700FBD420 /* Project object */;
}
